// !$*UTF8*$!
{
	archiveVersion = 1;
	classes = {
	};
	objectVersion = 50;
	objects = {

/* Begin PBXBuildFile section */
		F25BDDF423491F8700D2DD12 /* CoreDataManager.swift in Sources */ = {isa = PBXBuildFile; fileRef = F25BDDF323491F8700D2DD12 /* CoreDataManager.swift */; };
		F25BDE192349247500D2DD12 /* ExpenseTracker.xcdatamodeld in Sources */ = {isa = PBXBuildFile; fileRef = F25BDE0A234922E100D2DD12 /* ExpenseTracker.xcdatamodeld */; };
		F25BDE3A234996B800D2DD12 /* Tag+CoreDataClass.swift in Sources */ = {isa = PBXBuildFile; fileRef = F25BDE34234996B800D2DD12 /* Tag+CoreDataClass.swift */; };
		F25BDE3B234996B800D2DD12 /* Tag+CoreDataProperties.swift in Sources */ = {isa = PBXBuildFile; fileRef = F25BDE35234996B800D2DD12 /* Tag+CoreDataProperties.swift */; };
		F25BDE3C234996B800D2DD12 /* Expense+CoreDataClass.swift in Sources */ = {isa = PBXBuildFile; fileRef = F25BDE36234996B800D2DD12 /* Expense+CoreDataClass.swift */; };
		F25BDE3D234996B800D2DD12 /* Expense+CoreDataProperties.swift in Sources */ = {isa = PBXBuildFile; fileRef = F25BDE37234996B800D2DD12 /* Expense+CoreDataProperties.swift */; };
		F25BDE3E234996B800D2DD12 /* Category+CoreDataClass.swift in Sources */ = {isa = PBXBuildFile; fileRef = F25BDE38234996B800D2DD12 /* Category+CoreDataClass.swift */; };
		F25BDE3F234996B800D2DD12 /* Category+CoreDataProperties.swift in Sources */ = {isa = PBXBuildFile; fileRef = F25BDE39234996B800D2DD12 /* Category+CoreDataProperties.swift */; };
		F25BDE4323499CAD00D2DD12 /* ColorPickerViewController.xib in Resources */ = {isa = PBXBuildFile; fileRef = F25BDE4123499CAD00D2DD12 /* ColorPickerViewController.xib */; };
		F25BDE482349A50900D2DD12 /* LabelHeaderViewCollectionReusableView.swift in Sources */ = {isa = PBXBuildFile; fileRef = F25BDE462349A50900D2DD12 /* LabelHeaderViewCollectionReusableView.swift */; };
		F25BDE492349A50900D2DD12 /* LabelHeaderViewCollectionReusableView.xib in Resources */ = {isa = PBXBuildFile; fileRef = F25BDE472349A50900D2DD12 /* LabelHeaderViewCollectionReusableView.xib */; };
		F25BDE4B2349A99900D2DD12 /* ColorPickerViewController.swift in Sources */ = {isa = PBXBuildFile; fileRef = F25BDE4A2349A99900D2DD12 /* ColorPickerViewController.swift */; };
		F25CEB14233FFA92005664BB /* Assets.xcassets in Resources */ = {isa = PBXBuildFile; fileRef = F24662C5233FE4ED00AD4FA1 /* Assets.xcassets */; };
		F25CEB16234075FA005664BB /* HistoryViewModel.swift in Sources */ = {isa = PBXBuildFile; fileRef = F25CEB15234075FA005664BB /* HistoryViewModel.swift */; };
		F2649ACB234E41E200C1C971 /* DataManger.swift in Sources */ = {isa = PBXBuildFile; fileRef = F2649ACA234E41E200C1C971 /* DataManger.swift */; };
		F2649ACD234E423800C1C971 /* DefaultData.json in Resources */ = {isa = PBXBuildFile; fileRef = F2649ACC234E423800C1C971 /* DefaultData.json */; };
		F269C936234079B100894DCD /* HistorySectionView.swift in Sources */ = {isa = PBXBuildFile; fileRef = F269C935234079B100894DCD /* HistorySectionView.swift */; };
		F269C93B234088ED00894DCD /* AddExpenseViewController.swift in Sources */ = {isa = PBXBuildFile; fileRef = F269C939234088ED00894DCD /* AddExpenseViewController.swift */; };
		F269C93C234088ED00894DCD /* AddExpenseViewController.xib in Resources */ = {isa = PBXBuildFile; fileRef = F269C93A234088ED00894DCD /* AddExpenseViewController.xib */; };
		F269C93E23408F8500894DCD /* ItemPicker.swift in Sources */ = {isa = PBXBuildFile; fileRef = F269C93D23408F8500894DCD /* ItemPicker.swift */; };
		F269C9412340AFEC00894DCD /* SettingsViewController.xib in Resources */ = {isa = PBXBuildFile; fileRef = F269C93F2340AFEC00894DCD /* SettingsViewController.xib */; };
		F269C9422340AFEC00894DCD /* SettingsViewController.swift in Sources */ = {isa = PBXBuildFile; fileRef = F269C9402340AFEC00894DCD /* SettingsViewController.swift */; };
		F269C9452340B48D00894DCD /* Constants.swift in Sources */ = {isa = PBXBuildFile; fileRef = F269C9442340B48D00894DCD /* Constants.swift */; };
		F269C9482342681100894DCD /* ListingViewController.xib in Resources */ = {isa = PBXBuildFile; fileRef = F269C9462342681000894DCD /* ListingViewController.xib */; };
		F269C9492342681100894DCD /* ListingViewController.swift in Sources */ = {isa = PBXBuildFile; fileRef = F269C9472342681000894DCD /* ListingViewController.swift */; };
		F2A829DD233FB79900CC75AD /* AppDelegate.swift in Sources */ = {isa = PBXBuildFile; fileRef = F2A829DC233FB79900CC75AD /* AppDelegate.swift */; };
		F2A829DF233FB79900CC75AD /* SceneDelegate.swift in Sources */ = {isa = PBXBuildFile; fileRef = F2A829DE233FB79900CC75AD /* SceneDelegate.swift */; };
		F2A829E9233FB79E00CC75AD /* LaunchScreen.storyboard in Resources */ = {isa = PBXBuildFile; fileRef = F2A829E7233FB79E00CC75AD /* LaunchScreen.storyboard */; };
		F2A829F4233FD0ED00CC75AD /* HomeViewController.swift in Sources */ = {isa = PBXBuildFile; fileRef = F2A829F2233FD0ED00CC75AD /* HomeViewController.swift */; };
		F2A829F5233FD0ED00CC75AD /* HomeViewController.xib in Resources */ = {isa = PBXBuildFile; fileRef = F2A829F3233FD0ED00CC75AD /* HomeViewController.xib */; };
		F2A829F8233FD14900CC75AD /* HistoryViewController.swift in Sources */ = {isa = PBXBuildFile; fileRef = F2A829F6233FD14900CC75AD /* HistoryViewController.swift */; };
		F2A829F9233FD14900CC75AD /* HistoryViewController.xib in Resources */ = {isa = PBXBuildFile; fileRef = F2A829F7233FD14900CC75AD /* HistoryViewController.xib */; };
		F2A8BD0F233FD450002C7BAF /* TwoLabelTableViewCell.swift in Sources */ = {isa = PBXBuildFile; fileRef = F2A8BD0D233FD450002C7BAF /* TwoLabelTableViewCell.swift */; };
		F2A8BD10233FD450002C7BAF /* TwoLabelTableViewCell.xib in Resources */ = {isa = PBXBuildFile; fileRef = F2A8BD0E233FD450002C7BAF /* TwoLabelTableViewCell.xib */; };
		F2A8BD12233FD4F3002C7BAF /* TwoLabelViewModel.swift in Sources */ = {isa = PBXBuildFile; fileRef = F2A8BD11233FD4F3002C7BAF /* TwoLabelViewModel.swift */; };
		F2C7EFB82348E1F30032AA41 /* Global.swift in Sources */ = {isa = PBXBuildFile; fileRef = F2C7EFB72348E1F30032AA41 /* Global.swift */; };
/* End PBXBuildFile section */

/* Begin PBXFileReference section */
		F24662C5233FE4ED00AD4FA1 /* Assets.xcassets */ = {isa = PBXFileReference; lastKnownFileType = folder.assetcatalog; path = Assets.xcassets; sourceTree = "<group>"; };
		F25BDDF323491F8700D2DD12 /* CoreDataManager.swift */ = {isa = PBXFileReference; lastKnownFileType = sourcecode.swift; path = CoreDataManager.swift; sourceTree = "<group>"; };
		F25BDE0B234922E100D2DD12 /* ExpenseTracker.xcdatamodel */ = {isa = PBXFileReference; lastKnownFileType = wrapper.xcdatamodel; path = ExpenseTracker.xcdatamodel; sourceTree = "<group>"; };
		F25BDE34234996B800D2DD12 /* Tag+CoreDataClass.swift */ = {isa = PBXFileReference; lastKnownFileType = sourcecode.swift; path = "Tag+CoreDataClass.swift"; sourceTree = "<group>"; };
		F25BDE35234996B800D2DD12 /* Tag+CoreDataProperties.swift */ = {isa = PBXFileReference; lastKnownFileType = sourcecode.swift; path = "Tag+CoreDataProperties.swift"; sourceTree = "<group>"; };
		F25BDE36234996B800D2DD12 /* Expense+CoreDataClass.swift */ = {isa = PBXFileReference; lastKnownFileType = sourcecode.swift; path = "Expense+CoreDataClass.swift"; sourceTree = "<group>"; };
		F25BDE37234996B800D2DD12 /* Expense+CoreDataProperties.swift */ = {isa = PBXFileReference; lastKnownFileType = sourcecode.swift; path = "Expense+CoreDataProperties.swift"; sourceTree = "<group>"; };
		F25BDE38234996B800D2DD12 /* Category+CoreDataClass.swift */ = {isa = PBXFileReference; lastKnownFileType = sourcecode.swift; path = "Category+CoreDataClass.swift"; sourceTree = "<group>"; };
		F25BDE39234996B800D2DD12 /* Category+CoreDataProperties.swift */ = {isa = PBXFileReference; lastKnownFileType = sourcecode.swift; path = "Category+CoreDataProperties.swift"; sourceTree = "<group>"; };
		F25BDE4123499CAD00D2DD12 /* ColorPickerViewController.xib */ = {isa = PBXFileReference; lastKnownFileType = file.xib; path = ColorPickerViewController.xib; sourceTree = "<group>"; };
		F25BDE462349A50900D2DD12 /* LabelHeaderViewCollectionReusableView.swift */ = {isa = PBXFileReference; lastKnownFileType = sourcecode.swift; path = LabelHeaderViewCollectionReusableView.swift; sourceTree = "<group>"; };
		F25BDE472349A50900D2DD12 /* LabelHeaderViewCollectionReusableView.xib */ = {isa = PBXFileReference; lastKnownFileType = file.xib; path = LabelHeaderViewCollectionReusableView.xib; sourceTree = "<group>"; };
		F25BDE4A2349A99900D2DD12 /* ColorPickerViewController.swift */ = {isa = PBXFileReference; fileEncoding = 4; lastKnownFileType = sourcecode.swift; path = ColorPickerViewController.swift; sourceTree = "<group>"; };
		F25CEB15234075FA005664BB /* HistoryViewModel.swift */ = {isa = PBXFileReference; fileEncoding = 4; lastKnownFileType = sourcecode.swift; path = HistoryViewModel.swift; sourceTree = "<group>"; };
		F2649ACA234E41E200C1C971 /* DataManger.swift */ = {isa = PBXFileReference; lastKnownFileType = sourcecode.swift; path = DataManger.swift; sourceTree = "<group>"; };
		F2649ACC234E423800C1C971 /* DefaultData.json */ = {isa = PBXFileReference; lastKnownFileType = text.json; path = DefaultData.json; sourceTree = "<group>"; };
		F269C935234079B100894DCD /* HistorySectionView.swift */ = {isa = PBXFileReference; fileEncoding = 4; lastKnownFileType = sourcecode.swift; path = HistorySectionView.swift; sourceTree = "<group>"; };
		F269C939234088ED00894DCD /* AddExpenseViewController.swift */ = {isa = PBXFileReference; fileEncoding = 4; lastKnownFileType = sourcecode.swift; path = AddExpenseViewController.swift; sourceTree = "<group>"; };
		F269C93A234088ED00894DCD /* AddExpenseViewController.xib */ = {isa = PBXFileReference; fileEncoding = 4; lastKnownFileType = file.xib; path = AddExpenseViewController.xib; sourceTree = "<group>"; };
		F269C93D23408F8500894DCD /* ItemPicker.swift */ = {isa = PBXFileReference; fileEncoding = 4; lastKnownFileType = sourcecode.swift; path = ItemPicker.swift; sourceTree = "<group>"; };
		F269C93F2340AFEC00894DCD /* SettingsViewController.xib */ = {isa = PBXFileReference; fileEncoding = 4; lastKnownFileType = file.xib; path = SettingsViewController.xib; sourceTree = "<group>"; };
		F269C9402340AFEC00894DCD /* SettingsViewController.swift */ = {isa = PBXFileReference; fileEncoding = 4; lastKnownFileType = sourcecode.swift; path = SettingsViewController.swift; sourceTree = "<group>"; };
		F269C9442340B48D00894DCD /* Constants.swift */ = {isa = PBXFileReference; fileEncoding = 4; lastKnownFileType = sourcecode.swift; path = Constants.swift; sourceTree = "<group>"; };
		F269C9462342681000894DCD /* ListingViewController.xib */ = {isa = PBXFileReference; fileEncoding = 4; lastKnownFileType = file.xib; path = ListingViewController.xib; sourceTree = "<group>"; };
		F269C9472342681000894DCD /* ListingViewController.swift */ = {isa = PBXFileReference; fileEncoding = 4; lastKnownFileType = sourcecode.swift; path = ListingViewController.swift; sourceTree = "<group>"; };
		F2A829D9233FB79900CC75AD /* ExpenseTracker.app */ = {isa = PBXFileReference; explicitFileType = wrapper.application; includeInIndex = 0; path = ExpenseTracker.app; sourceTree = BUILT_PRODUCTS_DIR; };
		F2A829DC233FB79900CC75AD /* AppDelegate.swift */ = {isa = PBXFileReference; lastKnownFileType = sourcecode.swift; path = AppDelegate.swift; sourceTree = "<group>"; };
		F2A829DE233FB79900CC75AD /* SceneDelegate.swift */ = {isa = PBXFileReference; lastKnownFileType = sourcecode.swift; path = SceneDelegate.swift; sourceTree = "<group>"; };
		F2A829E8233FB79E00CC75AD /* Base */ = {isa = PBXFileReference; lastKnownFileType = file.storyboard; name = Base; path = Base.lproj/LaunchScreen.storyboard; sourceTree = "<group>"; };
		F2A829EA233FB79E00CC75AD /* Info.plist */ = {isa = PBXFileReference; lastKnownFileType = text.plist.xml; path = Info.plist; sourceTree = "<group>"; };
		F2A829F2233FD0ED00CC75AD /* HomeViewController.swift */ = {isa = PBXFileReference; lastKnownFileType = sourcecode.swift; path = HomeViewController.swift; sourceTree = "<group>"; };
		F2A829F3233FD0ED00CC75AD /* HomeViewController.xib */ = {isa = PBXFileReference; lastKnownFileType = file.xib; path = HomeViewController.xib; sourceTree = "<group>"; };
		F2A829F6233FD14900CC75AD /* HistoryViewController.swift */ = {isa = PBXFileReference; lastKnownFileType = sourcecode.swift; path = HistoryViewController.swift; sourceTree = "<group>"; };
		F2A829F7233FD14900CC75AD /* HistoryViewController.xib */ = {isa = PBXFileReference; lastKnownFileType = file.xib; path = HistoryViewController.xib; sourceTree = "<group>"; };
		F2A8BD0D233FD450002C7BAF /* TwoLabelTableViewCell.swift */ = {isa = PBXFileReference; lastKnownFileType = sourcecode.swift; path = TwoLabelTableViewCell.swift; sourceTree = "<group>"; };
		F2A8BD0E233FD450002C7BAF /* TwoLabelTableViewCell.xib */ = {isa = PBXFileReference; lastKnownFileType = file.xib; path = TwoLabelTableViewCell.xib; sourceTree = "<group>"; };
		F2A8BD11233FD4F3002C7BAF /* TwoLabelViewModel.swift */ = {isa = PBXFileReference; lastKnownFileType = sourcecode.swift; path = TwoLabelViewModel.swift; sourceTree = "<group>"; };
		F2C7EFB72348E1F30032AA41 /* Global.swift */ = {isa = PBXFileReference; lastKnownFileType = sourcecode.swift; path = Global.swift; sourceTree = "<group>"; };
/* End PBXFileReference section */

/* Begin PBXFrameworksBuildPhase section */
		F2A829D6233FB79900CC75AD /* Frameworks */ = {
			isa = PBXFrameworksBuildPhase;
			buildActionMask = 2147483647;
			files = (
			);
			runOnlyForDeploymentPostprocessing = 0;
		};
/* End PBXFrameworksBuildPhase section */

/* Begin PBXGroup section */
		F25BDDE623491F1800D2DD12 /* Core Data Models */ = {
			isa = PBXGroup;
			children = (
				F25BDE34234996B800D2DD12 /* Tag+CoreDataClass.swift */,
				F25BDE35234996B800D2DD12 /* Tag+CoreDataProperties.swift */,
				F25BDE36234996B800D2DD12 /* Expense+CoreDataClass.swift */,
				F25BDE37234996B800D2DD12 /* Expense+CoreDataProperties.swift */,
				F25BDE38234996B800D2DD12 /* Category+CoreDataClass.swift */,
				F25BDE39234996B800D2DD12 /* Category+CoreDataProperties.swift */,
			);
			path = "Core Data Models";
			sourceTree = "<group>";
		};
		F269C9432340B46200894DCD /* Constants */ = {
			isa = PBXGroup;
			children = (
				F269C9442340B48D00894DCD /* Constants.swift */,
			);
			path = Constants;
			sourceTree = "<group>";
		};
		F2A829D0233FB79900CC75AD = {
			isa = PBXGroup;
			children = (
				F2A829DB233FB79900CC75AD /* ExpenseTracker */,
				F2A829DA233FB79900CC75AD /* Products */,
			);
			sourceTree = "<group>";
		};
		F2A829DA233FB79900CC75AD /* Products */ = {
			isa = PBXGroup;
			children = (
				F2A829D9233FB79900CC75AD /* ExpenseTracker.app */,
			);
			name = Products;
			sourceTree = "<group>";
		};
		F2A829DB233FB79900CC75AD /* ExpenseTracker */ = {
			isa = PBXGroup;
			children = (
				F25BDDE623491F1800D2DD12 /* Core Data Models */,
				F2C7EFB62348E05F0032AA41 /* Global */,
				F269C9432340B46200894DCD /* Constants */,
				F2A8BD13233FD4F8002C7BAF /* ViewModels */,
				F2A829FA233FD15500CC75AD /* Controllers */,
				F2A8BD0C233FD412002C7BAF /* Views */,
				F2A829DC233FB79900CC75AD /* AppDelegate.swift */,
				F24662C5233FE4ED00AD4FA1 /* Assets.xcassets */,
				F2A829DE233FB79900CC75AD /* SceneDelegate.swift */,
				F2A829E7233FB79E00CC75AD /* LaunchScreen.storyboard */,
				F2A829EA233FB79E00CC75AD /* Info.plist */,
				F25BDDF323491F8700D2DD12 /* CoreDataManager.swift */,
				F25BDE0A234922E100D2DD12 /* ExpenseTracker.xcdatamodeld */,
				F2649ACA234E41E200C1C971 /* DataManger.swift */,
				F2649ACC234E423800C1C971 /* DefaultData.json */,
			);
			path = ExpenseTracker;
			sourceTree = "<group>";
		};
		F2A829FA233FD15500CC75AD /* Controllers */ = {
			isa = PBXGroup;
			children = (
				F269C9472342681000894DCD /* ListingViewController.swift */,
				F269C9462342681000894DCD /* ListingViewController.xib */,
				F269C9402340AFEC00894DCD /* SettingsViewController.swift */,
				F269C93F2340AFEC00894DCD /* SettingsViewController.xib */,
				F269C939234088ED00894DCD /* AddExpenseViewController.swift */,
				F269C93A234088ED00894DCD /* AddExpenseViewController.xib */,
				F2A829F2233FD0ED00CC75AD /* HomeViewController.swift */,
				F2A829F3233FD0ED00CC75AD /* HomeViewController.xib */,
				F2A829F6233FD14900CC75AD /* HistoryViewController.swift */,
				F2A829F7233FD14900CC75AD /* HistoryViewController.xib */,
				F25BDE4A2349A99900D2DD12 /* ColorPickerViewController.swift */,
				F25BDE4123499CAD00D2DD12 /* ColorPickerViewController.xib */,
			);
			path = Controllers;
			sourceTree = "<group>";
		};
		F2A8BD0C233FD412002C7BAF /* Views */ = {
			isa = PBXGroup;
			children = (
				F269C935234079B100894DCD /* HistorySectionView.swift */,
				F269C93D23408F8500894DCD /* ItemPicker.swift */,
				F2A8BD0D233FD450002C7BAF /* TwoLabelTableViewCell.swift */,
				F2A8BD0E233FD450002C7BAF /* TwoLabelTableViewCell.xib */,
				F25BDE462349A50900D2DD12 /* LabelHeaderViewCollectionReusableView.swift */,
				F25BDE472349A50900D2DD12 /* LabelHeaderViewCollectionReusableView.xib */,
			);
			path = Views;
			sourceTree = "<group>";
		};
		F2A8BD13233FD4F8002C7BAF /* ViewModels */ = {
			isa = PBXGroup;
			children = (
				F25CEB15234075FA005664BB /* HistoryViewModel.swift */,
				F2A8BD11233FD4F3002C7BAF /* TwoLabelViewModel.swift */,
			);
			path = ViewModels;
			sourceTree = "<group>";
		};
		F2C7EFB62348E05F0032AA41 /* Global */ = {
			isa = PBXGroup;
			children = (
				F2C7EFB72348E1F30032AA41 /* Global.swift */,
			);
			path = Global;
			sourceTree = "<group>";
		};
/* End PBXGroup section */

/* Begin PBXNativeTarget section */
		F2A829D8233FB79900CC75AD /* ExpenseTracker */ = {
			isa = PBXNativeTarget;
			buildConfigurationList = F2A829ED233FB79E00CC75AD /* Build configuration list for PBXNativeTarget "ExpenseTracker" */;
			buildPhases = (
				F2A829D5233FB79900CC75AD /* Sources */,
				F2A829D6233FB79900CC75AD /* Frameworks */,
				F2A829D7233FB79900CC75AD /* Resources */,
			);
			buildRules = (
			);
			dependencies = (
			);
			name = ExpenseTracker;
			productName = ExpenseTracker;
			productReference = F2A829D9233FB79900CC75AD /* ExpenseTracker.app */;
			productType = "com.apple.product-type.application";
		};
/* End PBXNativeTarget section */

/* Begin PBXProject section */
		F2A829D1233FB79900CC75AD /* Project object */ = {
			isa = PBXProject;
			attributes = {
				LastSwiftUpdateCheck = 1100;
				LastUpgradeCheck = 1100;
				ORGANIZATIONNAME = "Shailesh Aher";
				TargetAttributes = {
					F2A829D8233FB79900CC75AD = {
						CreatedOnToolsVersion = 11.0;
					};
				};
			};
			buildConfigurationList = F2A829D4233FB79900CC75AD /* Build configuration list for PBXProject "ExpenseTracker" */;
			compatibilityVersion = "Xcode 9.3";
			developmentRegion = en;
			hasScannedForEncodings = 0;
			knownRegions = (
				en,
				Base,
			);
			mainGroup = F2A829D0233FB79900CC75AD;
			productRefGroup = F2A829DA233FB79900CC75AD /* Products */;
			projectDirPath = "";
			projectRoot = "";
			targets = (
				F2A829D8233FB79900CC75AD /* ExpenseTracker */,
			);
		};
/* End PBXProject section */

/* Begin PBXResourcesBuildPhase section */
		F2A829D7233FB79900CC75AD /* Resources */ = {
			isa = PBXResourcesBuildPhase;
			buildActionMask = 2147483647;
			files = (
				F2A829E9233FB79E00CC75AD /* LaunchScreen.storyboard in Resources */,
				F269C93C234088ED00894DCD /* AddExpenseViewController.xib in Resources */,
				F2A829F5233FD0ED00CC75AD /* HomeViewController.xib in Resources */,
				F269C9482342681100894DCD /* ListingViewController.xib in Resources */,
				F2A829F9233FD14900CC75AD /* HistoryViewController.xib in Resources */,
				F2A8BD10233FD450002C7BAF /* TwoLabelTableViewCell.xib in Resources */,
				F25BDE4323499CAD00D2DD12 /* ColorPickerViewController.xib in Resources */,
				F2649ACD234E423800C1C971 /* DefaultData.json in Resources */,
				F269C9412340AFEC00894DCD /* SettingsViewController.xib in Resources */,
				F25BDE492349A50900D2DD12 /* LabelHeaderViewCollectionReusableView.xib in Resources */,
				F25CEB14233FFA92005664BB /* Assets.xcassets in Resources */,
			);
			runOnlyForDeploymentPostprocessing = 0;
		};
/* End PBXResourcesBuildPhase section */

/* Begin PBXSourcesBuildPhase section */
		F2A829D5233FB79900CC75AD /* Sources */ = {
			isa = PBXSourcesBuildPhase;
			buildActionMask = 2147483647;
			files = (
				F2A829F4233FD0ED00CC75AD /* HomeViewController.swift in Sources */,
				F25BDE3A234996B800D2DD12 /* Tag+CoreDataClass.swift in Sources */,
				F2A829DD233FB79900CC75AD /* AppDelegate.swift in Sources */,
				F25BDE192349247500D2DD12 /* ExpenseTracker.xcdatamodeld in Sources */,
				F269C9422340AFEC00894DCD /* SettingsViewController.swift in Sources */,
				F2A8BD12233FD4F3002C7BAF /* TwoLabelViewModel.swift in Sources */,
				F2A8BD0F233FD450002C7BAF /* TwoLabelTableViewCell.swift in Sources */,
				F25BDE4B2349A99900D2DD12 /* ColorPickerViewController.swift in Sources */,
				F269C93B234088ED00894DCD /* AddExpenseViewController.swift in Sources */,
				F25BDE3B234996B800D2DD12 /* Tag+CoreDataProperties.swift in Sources */,
				F2C7EFB82348E1F30032AA41 /* Global.swift in Sources */,
				F269C9492342681100894DCD /* ListingViewController.swift in Sources */,
				F25BDE482349A50900D2DD12 /* LabelHeaderViewCollectionReusableView.swift in Sources */,
				F2649ACB234E41E200C1C971 /* DataManger.swift in Sources */,
				F25BDE3C234996B800D2DD12 /* Expense+CoreDataClass.swift in Sources */,
				F25BDDF423491F8700D2DD12 /* CoreDataManager.swift in Sources */,
				F2A829F8233FD14900CC75AD /* HistoryViewController.swift in Sources */,
				F269C93E23408F8500894DCD /* ItemPicker.swift in Sources */,
				F269C936234079B100894DCD /* HistorySectionView.swift in Sources */,
				F25BDE3E234996B800D2DD12 /* Category+CoreDataClass.swift in Sources */,
				F25BDE3F234996B800D2DD12 /* Category+CoreDataProperties.swift in Sources */,
				F25BDE3D234996B800D2DD12 /* Expense+CoreDataProperties.swift in Sources */,
				F2A829DF233FB79900CC75AD /* SceneDelegate.swift in Sources */,
				F25CEB16234075FA005664BB /* HistoryViewModel.swift in Sources */,
				F269C9452340B48D00894DCD /* Constants.swift in Sources */,
			);
			runOnlyForDeploymentPostprocessing = 0;
		};
/* End PBXSourcesBuildPhase section */

/* Begin PBXVariantGroup section */
		F2A829E7233FB79E00CC75AD /* LaunchScreen.storyboard */ = {
			isa = PBXVariantGroup;
			children = (
				F2A829E8233FB79E00CC75AD /* Base */,
			);
			name = LaunchScreen.storyboard;
			sourceTree = "<group>";
		};
/* End PBXVariantGroup section */

/* Begin XCBuildConfiguration section */
		F2A829EB233FB79E00CC75AD /* Debug */ = {
			isa = XCBuildConfiguration;
			buildSettings = {
				ALWAYS_SEARCH_USER_PATHS = NO;
				CLANG_ANALYZER_NONNULL = YES;
				CLANG_ANALYZER_NUMBER_OBJECT_CONVERSION = YES_AGGRESSIVE;
				CLANG_CXX_LANGUAGE_STANDARD = "gnu++14";
				CLANG_CXX_LIBRARY = "libc++";
				CLANG_ENABLE_MODULES = YES;
				CLANG_ENABLE_OBJC_ARC = YES;
				CLANG_ENABLE_OBJC_WEAK = YES;
				CLANG_WARN_BLOCK_CAPTURE_AUTORELEASING = YES;
				CLANG_WARN_BOOL_CONVERSION = YES;
				CLANG_WARN_COMMA = YES;
				CLANG_WARN_CONSTANT_CONVERSION = YES;
				CLANG_WARN_DEPRECATED_OBJC_IMPLEMENTATIONS = YES;
				CLANG_WARN_DIRECT_OBJC_ISA_USAGE = YES_ERROR;
				CLANG_WARN_DOCUMENTATION_COMMENTS = YES;
				CLANG_WARN_EMPTY_BODY = YES;
				CLANG_WARN_ENUM_CONVERSION = YES;
				CLANG_WARN_INFINITE_RECURSION = YES;
				CLANG_WARN_INT_CONVERSION = YES;
				CLANG_WARN_NON_LITERAL_NULL_CONVERSION = YES;
				CLANG_WARN_OBJC_IMPLICIT_RETAIN_SELF = YES;
				CLANG_WARN_OBJC_LITERAL_CONVERSION = YES;
				CLANG_WARN_OBJC_ROOT_CLASS = YES_ERROR;
				CLANG_WARN_RANGE_LOOP_ANALYSIS = YES;
				CLANG_WARN_STRICT_PROTOTYPES = YES;
				CLANG_WARN_SUSPICIOUS_MOVE = YES;
				CLANG_WARN_UNGUARDED_AVAILABILITY = YES_AGGRESSIVE;
				CLANG_WARN_UNREACHABLE_CODE = YES;
				CLANG_WARN__DUPLICATE_METHOD_MATCH = YES;
				COPY_PHASE_STRIP = NO;
				DEBUG_INFORMATION_FORMAT = dwarf;
				ENABLE_STRICT_OBJC_MSGSEND = YES;
				ENABLE_TESTABILITY = YES;
				GCC_C_LANGUAGE_STANDARD = gnu11;
				GCC_DYNAMIC_NO_PIC = NO;
				GCC_NO_COMMON_BLOCKS = YES;
				GCC_OPTIMIZATION_LEVEL = 0;
				GCC_PREPROCESSOR_DEFINITIONS = (
					"DEBUG=1",
					"$(inherited)",
				);
				GCC_WARN_64_TO_32_BIT_CONVERSION = YES;
				GCC_WARN_ABOUT_RETURN_TYPE = YES_ERROR;
				GCC_WARN_UNDECLARED_SELECTOR = YES;
				GCC_WARN_UNINITIALIZED_AUTOS = YES_AGGRESSIVE;
				GCC_WARN_UNUSED_FUNCTION = YES;
				GCC_WARN_UNUSED_VARIABLE = YES;
				IPHONEOS_DEPLOYMENT_TARGET = 13.0;
				MTL_ENABLE_DEBUG_INFO = INCLUDE_SOURCE;
				MTL_FAST_MATH = YES;
				ONLY_ACTIVE_ARCH = YES;
				SDKROOT = iphoneos;
				SWIFT_ACTIVE_COMPILATION_CONDITIONS = DEBUG;
				SWIFT_OPTIMIZATION_LEVEL = "-Onone";
			};
			name = Debug;
		};
		F2A829EC233FB79E00CC75AD /* Release */ = {
			isa = XCBuildConfiguration;
			buildSettings = {
				ALWAYS_SEARCH_USER_PATHS = NO;
				CLANG_ANALYZER_NONNULL = YES;
				CLANG_ANALYZER_NUMBER_OBJECT_CONVERSION = YES_AGGRESSIVE;
				CLANG_CXX_LANGUAGE_STANDARD = "gnu++14";
				CLANG_CXX_LIBRARY = "libc++";
				CLANG_ENABLE_MODULES = YES;
				CLANG_ENABLE_OBJC_ARC = YES;
				CLANG_ENABLE_OBJC_WEAK = YES;
				CLANG_WARN_BLOCK_CAPTURE_AUTORELEASING = YES;
				CLANG_WARN_BOOL_CONVERSION = YES;
				CLANG_WARN_COMMA = YES;
				CLANG_WARN_CONSTANT_CONVERSION = YES;
				CLANG_WARN_DEPRECATED_OBJC_IMPLEMENTATIONS = YES;
				CLANG_WARN_DIRECT_OBJC_ISA_USAGE = YES_ERROR;
				CLANG_WARN_DOCUMENTATION_COMMENTS = YES;
				CLANG_WARN_EMPTY_BODY = YES;
				CLANG_WARN_ENUM_CONVERSION = YES;
				CLANG_WARN_INFINITE_RECURSION = YES;
				CLANG_WARN_INT_CONVERSION = YES;
				CLANG_WARN_NON_LITERAL_NULL_CONVERSION = YES;
				CLANG_WARN_OBJC_IMPLICIT_RETAIN_SELF = YES;
				CLANG_WARN_OBJC_LITERAL_CONVERSION = YES;
				CLANG_WARN_OBJC_ROOT_CLASS = YES_ERROR;
				CLANG_WARN_RANGE_LOOP_ANALYSIS = YES;
				CLANG_WARN_STRICT_PROTOTYPES = YES;
				CLANG_WARN_SUSPICIOUS_MOVE = YES;
				CLANG_WARN_UNGUARDED_AVAILABILITY = YES_AGGRESSIVE;
				CLANG_WARN_UNREACHABLE_CODE = YES;
				CLANG_WARN__DUPLICATE_METHOD_MATCH = YES;
				COPY_PHASE_STRIP = NO;
				DEBUG_INFORMATION_FORMAT = "dwarf-with-dsym";
				ENABLE_NS_ASSERTIONS = NO;
				ENABLE_STRICT_OBJC_MSGSEND = YES;
				GCC_C_LANGUAGE_STANDARD = gnu11;
				GCC_NO_COMMON_BLOCKS = YES;
				GCC_WARN_64_TO_32_BIT_CONVERSION = YES;
				GCC_WARN_ABOUT_RETURN_TYPE = YES_ERROR;
				GCC_WARN_UNDECLARED_SELECTOR = YES;
				GCC_WARN_UNINITIALIZED_AUTOS = YES_AGGRESSIVE;
				GCC_WARN_UNUSED_FUNCTION = YES;
				GCC_WARN_UNUSED_VARIABLE = YES;
				IPHONEOS_DEPLOYMENT_TARGET = 13.0;
				MTL_ENABLE_DEBUG_INFO = NO;
				MTL_FAST_MATH = YES;
				SDKROOT = iphoneos;
				SWIFT_COMPILATION_MODE = wholemodule;
				SWIFT_OPTIMIZATION_LEVEL = "-O";
				VALIDATE_PRODUCT = YES;
			};
			name = Release;
		};
		F2A829EE233FB79E00CC75AD /* Debug */ = {
			isa = XCBuildConfiguration;
			buildSettings = {
				ASSETCATALOG_COMPILER_APPICON_NAME = AppIcon;
				CODE_SIGN_STYLE = Automatic;
				DEVELOPMENT_TEAM = UFPXYFK948;
				INFOPLIST_FILE = ExpenseTracker/Info.plist;
				LD_RUNPATH_SEARCH_PATHS = (
					"$(inherited)",
					"@executable_path/Frameworks",
				);
				PRODUCT_BUNDLE_IDENTIFIER = com.shailesh.ExpenseTracker;
				PRODUCT_NAME = "$(TARGET_NAME)";
				SWIFT_VERSION = 5.0;
				TARGETED_DEVICE_FAMILY = "1,2";
			};
			name = Debug;
		};
		F2A829EF233FB79E00CC75AD /* Release */ = {
			isa = XCBuildConfiguration;
			buildSettings = {
				ASSETCATALOG_COMPILER_APPICON_NAME = AppIcon;
				CODE_SIGN_STYLE = Automatic;
				DEVELOPMENT_TEAM = UFPXYFK948;
				INFOPLIST_FILE = ExpenseTracker/Info.plist;
				LD_RUNPATH_SEARCH_PATHS = (
					"$(inherited)",
					"@executable_path/Frameworks",
				);
				PRODUCT_BUNDLE_IDENTIFIER = com.shailesh.ExpenseTracker;
				PRODUCT_NAME = "$(TARGET_NAME)";
				SWIFT_VERSION = 5.0;
				TARGETED_DEVICE_FAMILY = "1,2";
			};
			name = Release;
		};
/* End XCBuildConfiguration section */

/* Begin XCConfigurationList section */
		F2A829D4233FB79900CC75AD /* Build configuration list for PBXProject "ExpenseTracker" */ = {
			isa = XCConfigurationList;
			buildConfigurations = (
				F2A829EB233FB79E00CC75AD /* Debug */,
				F2A829EC233FB79E00CC75AD /* Release */,
			);
			defaultConfigurationIsVisible = 0;
			defaultConfigurationName = Release;
		};
		F2A829ED233FB79E00CC75AD /* Build configuration list for PBXNativeTarget "ExpenseTracker" */ = {
			isa = XCConfigurationList;
			buildConfigurations = (
				F2A829EE233FB79E00CC75AD /* Debug */,
				F2A829EF233FB79E00CC75AD /* Release */,
			);
			defaultConfigurationIsVisible = 0;
			defaultConfigurationName = Release;
		};
/* End XCConfigurationList section */

/* Begin XCVersionGroup section */
		F25BDE0A234922E100D2DD12 /* ExpenseTracker.xcdatamodeld */ = {
			isa = XCVersionGroup;
			children = (
				F25BDE0B234922E100D2DD12 /* ExpenseTracker.xcdatamodel */,
			);
			currentVersion = F25BDE0B234922E100D2DD12 /* ExpenseTracker.xcdatamodel */;
			path = ExpenseTracker.xcdatamodeld;
			sourceTree = "<group>";
			versionGroupType = wrapper.xcdatamodel;
		};
/* End XCVersionGroup section */
	};
	rootObject = F2A829D1233FB79900CC75AD /* Project object */;
}
